<?xml version="1.0" encoding="utf-8"?>
<Project ToolsVersion="4.0" xmlns="http://schemas.microsoft.com/developer/msbuild/2003">
  <ItemGroup>
    <Filter Include="Generated Files">
      <UniqueIdentifier>{71ED8ED8-ACB9-4CE9-BBE1-E00B30144E11}</UniqueIdentifier>
      <Extensions>cpp;c;cxx;moc;h;def;odl;idl;res;</Extensions>
    </Filter>
    <Filter Include="Generated Files">
      <UniqueIdentifier>{71ED8ED8-ACB9-4CE9-BBE1-E00B30144E11}</UniqueIdentifier>
      <Extensions>cpp;c;cxx;moc;h;def;odl;idl;res;</Extensions>
    </Filter>
    <Filter Include="Header Files">
      <UniqueIdentifier>{93995380-89BD-4b04-88EB-625FBE52EBFB}</UniqueIdentifier>
      <Extensions>h;hpp;hxx;hm;inl;inc;xsd</Extensions>
    </Filter>
    <Filter Include="Header Files">
      <UniqueIdentifier>{93995380-89BD-4b04-88EB-625FBE52EBFB}</UniqueIdentifier>
      <Extensions>h;hpp;hxx;hm;inl;inc;xsd</Extensions>
    </Filter>
    <Filter Include="Source Files">
      <UniqueIdentifier>{4FC737F1-C7A5-4376-A066-2A32D752A2FF}</UniqueIdentifier>
      <Extensions>cpp;c;cxx;def;odl;idl;hpj;bat;asm;asmx</Extensions>
    </Filter>
    <Filter Include="Source Files">
      <UniqueIdentifier>{4FC737F1-C7A5-4376-A066-2A32D752A2FF}</UniqueIdentifier>
      <Extensions>cpp;c;cxx;def;odl;idl;hpj;bat;asm;asmx</Extensions>
    </Filter>
    <Filter Include="Translation Files">
      <UniqueIdentifier>{639EADAA-A684-42e4-A9AD-28FC9BCB8F7C}</UniqueIdentifier>
      <Extensions>ts;xlf</Extensions>
      <ParseFiles>false</ParseFiles>
    </Filter>
    <Filter Include="Translation Files">
      <UniqueIdentifier>{639EADAA-A684-42e4-A9AD-28FC9BCB8F7C}</UniqueIdentifier>
      <Extensions>ts;xlf</Extensions>
      <ParseFiles>false</ParseFiles>
    </Filter>
    <Filter Include="Generated Files\Release">
      <UniqueIdentifier>{9e706f54-6e3d-40c7-bfc0-9ca3c773e033}</UniqueIdentifier>
      <Extensions>cpp;moc</Extensions>
      <SourceControlFiles>False</SourceControlFiles>
    </Filter>
    <Filter Include="Generated Files\Debug">
      <UniqueIdentifier>{28cddf06-218f-4f41-9dfe-6c0ddf9287ef}</UniqueIdentifier>
      <Extensions>cpp;moc</Extensions>
      <SourceControlFiles>False</SourceControlFiles>
    </Filter>
  </ItemGroup>
  <ItemGroup>
    <ClCompile Include="..\lexlib\Accessor.cpp">
      <Filter>Source Files</Filter>
    </ClCompile>
    <ClCompile Include="..\src\AutoComplete.cpp">
      <Filter>Source Files</Filter>
    </ClCompile>
    <ClCompile Include="..\src\CallTip.cpp">
      <Filter>Source Files</Filter>
    </ClCompile>
    <ClCompile Include="..\src\CaseConvert.cpp">
      <Filter>Source Files</Filter>
    </ClCompile>
    <ClCompile Include="..\src\CaseFolder.cpp">
      <Filter>Source Files</Filter>
    </ClCompile>
    <ClCompile Include="..\src\Catalogue.cpp">
      <Filter>Source Files</Filter>
    </ClCompile>
    <ClCompile Include="..\src\CellBuffer.cpp">
      <Filter>Source Files</Filter>
    </ClCompile>
    <ClCompile Include="..\src\CharClassify.cpp">
      <Filter>Source Files</Filter>
    </ClCompile>
    <ClCompile Include="..\lexlib\CharacterCategory.cpp">
      <Filter>Source Files</Filter>
    </ClCompile>
    <ClCompile Include="..\lexlib\CharacterSet.cpp">
      <Filter>Source Files</Filter>
    </ClCompile>
    <ClCompile Include="..\src\ContractionState.cpp">
      <Filter>Source Files</Filter>
    </ClCompile>
    <ClCompile Include="..\src\Decoration.cpp">
      <Filter>Source Files</Filter>
    </ClCompile>
    <ClCompile Include="..\src\Document.cpp">
      <Filter>Source Files</Filter>
    </ClCompile>
    <ClCompile Include="..\src\Editor.cpp">
      <Filter>Source Files</Filter>
    </ClCompile>
    <ClCompile Include="..\src\ExternalLexer.cpp">
      <Filter>Source Files</Filter>
    </ClCompile>
    <ClCompile Include="..\src\Indicator.cpp">
      <Filter>Source Files</Filter>
    </ClCompile>
    <ClCompile Include="InputMethod.cpp">
      <Filter>Source Files</Filter>
    </ClCompile>
    <ClCompile Include="..\src\KeyMap.cpp">
      <Filter>Source Files</Filter>
    </ClCompile>
    <ClCompile Include="..\lexlib\LexerBase.cpp">
      <Filter>Source Files</Filter>
    </ClCompile>
    <ClCompile Include="..\lexlib\LexerModule.cpp">
      <Filter>Source Files</Filter>
    </ClCompile>
    <ClCompile Include="..\lexlib\LexerNoExceptions.cpp">
      <Filter>Source Files</Filter>
    </ClCompile>
    <ClCompile Include="..\lexlib\LexerSimple.cpp">
      <Filter>Source Files</Filter>
    </ClCompile>
    <ClCompile Include="..\src\LineMarker.cpp">
      <Filter>Source Files</Filter>
    </ClCompile>
    <ClCompile Include="ListBoxQt.cpp">
      <Filter>Source Files</Filter>
    </ClCompile>
    <ClCompile Include="MacPasteboardMime.cpp">
      <Filter>Source Files</Filter>
    </ClCompile>
    <ClCompile Include="..\src\PerLine.cpp">
      <Filter>Source Files</Filter>
    </ClCompile>
    <ClCompile Include="PlatQt.cpp">
      <Filter>Source Files</Filter>
    </ClCompile>
    <ClCompile Include="..\src\PositionCache.cpp">
      <Filter>Source Files</Filter>
    </ClCompile>
    <ClCompile Include="..\lexlib\PropSetSimple.cpp">
      <Filter>Source Files</Filter>
    </ClCompile>
    <ClCompile Include="..\src\RESearch.cpp">
      <Filter>Source Files</Filter>
    </ClCompile>
    <ClCompile Include="..\src\RunStyles.cpp">
      <Filter>Source Files</Filter>
    </ClCompile>
    <ClCompile Include="SciClasses.cpp">
      <Filter>Source Files</Filter>
    </ClCompile>
    <ClCompile Include="..\src\ScintillaBase.cpp">
      <Filter>Source Files</Filter>
    </ClCompile>
    <ClCompile Include="ScintillaQt.cpp">
      <Filter>Source Files</Filter>
    </ClCompile>
    <ClCompile Include="..\src\Selection.cpp">
      <Filter>Source Files</Filter>
    </ClCompile>
    <ClCompile Include="..\src\Style.cpp">
      <Filter>Source Files</Filter>
    </ClCompile>
    <ClCompile Include="..\lexlib\StyleContext.cpp">
      <Filter>Source Files</Filter>
    </ClCompile>
    <ClCompile Include="..\src\UniConversion.cpp">
      <Filter>Source Files</Filter>
    </ClCompile>
    <ClCompile Include="..\src\ViewStyle.cpp">
      <Filter>Source Files</Filter>
    </ClCompile>
    <ClCompile Include="..\lexlib\WordList.cpp">
      <Filter>Source Files</Filter>
    </ClCompile>
    <ClCompile Include="..\src\XPM.cpp">
      <Filter>Source Files</Filter>
    </ClCompile>
    <ClCompile Include="qsciabstractapis.cpp">
      <Filter>Source Files</Filter>
    </ClCompile>
    <ClCompile Include="qsciapis.cpp">
      <Filter>Source Files</Filter>
    </ClCompile>
    <ClCompile Include="qscicommand.cpp">
      <Filter>Source Files</Filter>
    </ClCompile>
    <ClCompile Include="qscicommandset.cpp">
      <Filter>Source Files</Filter>
    </ClCompile>
    <ClCompile Include="qscidocument.cpp">
      <Filter>Source Files</Filter>
    </ClCompile>
    <ClCompile Include="qscilexer.cpp">
      <Filter>Source Files</Filter>
    </ClCompile>
    <ClCompile Include="qscilexerbash.cpp">
      <Filter>Source Files</Filter>
    </ClCompile>
    <ClCompile Include="qscilexerbatch.cpp">
      <Filter>Source Files</Filter>
    </ClCompile>
    <ClCompile Include="qscilexercmake.cpp">
      <Filter>Source Files</Filter>
    </ClCompile>
    <ClCompile Include="qscilexercpp.cpp">
      <Filter>Source Files</Filter>
    </ClCompile>
    <ClCompile Include="qscilexercsharp.cpp">
      <Filter>Source Files</Filter>
    </ClCompile>
    <ClCompile Include="qscilexercss.cpp">
      <Filter>Source Files</Filter>
    </ClCompile>
    <ClCompile Include="qscilexercustom.cpp">
      <Filter>Source Files</Filter>
    </ClCompile>
    <ClCompile Include="qscilexerd.cpp">
      <Filter>Source Files</Filter>
    </ClCompile>
    <ClCompile Include="qscilexerdiff.cpp">
      <Filter>Source Files</Filter>
    </ClCompile>
    <ClCompile Include="qscilexerfortran.cpp">
      <Filter>Source Files</Filter>
    </ClCompile>
    <ClCompile Include="qscilexerfortran77.cpp">
      <Filter>Source Files</Filter>
    </ClCompile>
    <ClCompile Include="qscilexerhtml.cpp">
      <Filter>Source Files</Filter>
    </ClCompile>
    <ClCompile Include="qscilexeridl.cpp">
      <Filter>Source Files</Filter>
    </ClCompile>
    <ClCompile Include="qscilexerjava.cpp">
      <Filter>Source Files</Filter>
    </ClCompile>
    <ClCompile Include="qscilexerjavascript.cpp">
      <Filter>Source Files</Filter>
    </ClCompile>
    <ClCompile Include="qscilexerlua.cpp">
      <Filter>Source Files</Filter>
    </ClCompile>
    <ClCompile Include="qscilexermakefile.cpp">
      <Filter>Source Files</Filter>
    </ClCompile>
    <ClCompile Include="qscilexermatlab.cpp">
      <Filter>Source Files</Filter>
    </ClCompile>
    <ClCompile Include="qscilexeroctave.cpp">
      <Filter>Source Files</Filter>
    </ClCompile>
    <ClCompile Include="qscilexerpascal.cpp">
      <Filter>Source Files</Filter>
    </ClCompile>
    <ClCompile Include="qscilexerperl.cpp">
      <Filter>Source Files</Filter>
    </ClCompile>
    <ClCompile Include="qscilexerpostscript.cpp">
      <Filter>Source Files</Filter>
    </ClCompile>
    <ClCompile Include="qscilexerpov.cpp">
      <Filter>Source Files</Filter>
    </ClCompile>
    <ClCompile Include="qscilexerproperties.cpp">
      <Filter>Source Files</Filter>
    </ClCompile>
    <ClCompile Include="qscilexerpython.cpp">
      <Filter>Source Files</Filter>
    </ClCompile>
    <ClCompile Include="qscilexerruby.cpp">
      <Filter>Source Files</Filter>
    </ClCompile>
    <ClCompile Include="qscilexerspice.cpp">
      <Filter>Source Files</Filter>
    </ClCompile>
    <ClCompile Include="qscilexersql.cpp">
      <Filter>Source Files</Filter>
    </ClCompile>
    <ClCompile Include="qscilexertcl.cpp">
      <Filter>Source Files</Filter>
    </ClCompile>
    <ClCompile Include="qscilexertex.cpp">
      <Filter>Source Files</Filter>
    </ClCompile>
    <ClCompile Include="qscilexerverilog.cpp">
      <Filter>Source Files</Filter>
    </ClCompile>
    <ClCompile Include="qscilexervhdl.cpp">
      <Filter>Source Files</Filter>
    </ClCompile>
    <ClCompile Include="qscilexerxml.cpp">
      <Filter>Source Files</Filter>
    </ClCompile>
    <ClCompile Include="qscilexeryaml.cpp">
      <Filter>Source Files</Filter>
    </ClCompile>
    <ClCompile Include="qscimacro.cpp">
      <Filter>Source Files</Filter>
    </ClCompile>
    <ClCompile Include="qsciprinter.cpp">
      <Filter>Source Files</Filter>
    </ClCompile>
    <ClCompile Include="qsciscintilla.cpp">
      <Filter>Source Files</Filter>
    </ClCompile>
    <ClCompile Include="qsciscintillabase.cpp">
      <Filter>Source Files</Filter>
    </ClCompile>
    <ClCompile Include="qscistyle.cpp">
      <Filter>Source Files</Filter>
    </ClCompile>
    <ClCompile Include="qscistyledtext.cpp">
      <Filter>Source Files</Filter>
    </ClCompile>
    <ClCompile Include="GeneratedFiles\Release\moc_SciClasses.cpp">
      <Filter>Generated Files\Release</Filter>
    </ClCompile>
    <ClCompile Include="GeneratedFiles\Debug\moc_SciClasses.cpp">
      <Filter>Generated Files\Debug</Filter>
    </ClCompile>
  </ItemGroup>
  <ItemGroup>
    <ClInclude Include="..\lexlib\Accessor.h">
      <Filter>Header Files</Filter>
    </ClInclude>
    <ClInclude Include="..\src\AutoComplete.h">
      <Filter>Header Files</Filter>
    </ClInclude>
    <ClInclude Include="..\src\CallTip.h">
      <Filter>Header Files</Filter>
    </ClInclude>
    <ClInclude Include="..\src\CaseConvert.h">
      <Filter>Header Files</Filter>
    </ClInclude>
    <ClInclude Include="..\src\CaseFolder.h">
      <Filter>Header Files</Filter>
    </ClInclude>
    <ClInclude Include="..\src\Catalogue.h">
      <Filter>Header Files</Filter>
    </ClInclude>
    <ClInclude Include="..\src\CellBuffer.h">
      <Filter>Header Files</Filter>
    </ClInclude>
    <ClInclude Include="..\src\CharClassify.h">
      <Filter>Header Files</Filter>
    </ClInclude>
    <ClInclude Include="..\lexlib\CharacterCategory.h">
      <Filter>Header Files</Filter>
    </ClInclude>
    <ClInclude Include="..\lexlib\CharacterSet.h">
      <Filter>Header Files</Filter>
    </ClInclude>
    <ClInclude Include="..\src\ContractionState.h">
      <Filter>Header Files</Filter>
    </ClInclude>
    <ClInclude Include="..\src\Decoration.h">
      <Filter>Header Files</Filter>
    </ClInclude>
    <ClInclude Include="..\src\Document.h">
      <Filter>Header Files</Filter>
    </ClInclude>
    <ClInclude Include="..\src\Editor.h">
      <Filter>Header Files</Filter>
    </ClInclude>
    <ClInclude Include="..\src\ExternalLexer.h">
      <Filter>Header Files</Filter>
    </ClInclude>
    <ClInclude Include="..\src\FontQuality.h">
      <Filter>Header Files</Filter>
    </ClInclude>
    <ClInclude Include="..\include\ILexer.h">
      <Filter>Header Files</Filter>
    </ClInclude>
    <ClInclude Include="..\src\Indicator.h">
      <Filter>Header Files</Filter>
    </ClInclude>
    <ClInclude Include="..\src\KeyMap.h">
      <Filter>Header Files</Filter>
    </ClInclude>
    <ClInclude Include="..\lexlib\LexAccessor.h">
      <Filter>Header Files</Filter>
    </ClInclude>
    <ClInclude Include="..\lexlib\LexerBase.h">
      <Filter>Header Files</Filter>
    </ClInclude>
    <ClInclude Include="..\lexlib\LexerModule.h">
      <Filter>Header Files</Filter>
    </ClInclude>
    <ClInclude Include="..\lexlib\LexerNoExceptions.h">
      <Filter>Header Files</Filter>
    </ClInclude>
    <ClInclude Include="..\lexlib\LexerSimple.h">
      <Filter>Header Files</Filter>
    </ClInclude>
    <ClInclude Include="..\src\LineMarker.h">
      <Filter>Header Files</Filter>
    </ClInclude>
    <ClInclude Include="ListBoxQt.h">
      <Filter>Header Files</Filter>
    </ClInclude>
    <ClInclude Include="..\lexlib\OptionSet.h">
      <Filter>Header Files</Filter>
    </ClInclude>
    <ClInclude Include="..\src\Partitioning.h">
      <Filter>Header Files</Filter>
    </ClInclude>
    <ClInclude Include="..\src\PerLine.h">
      <Filter>Header Files</Filter>
    </ClInclude>
    <ClInclude Include="..\include\Platform.h">
      <Filter>Header Files</Filter>
    </ClInclude>
    <ClInclude Include="..\src\PositionCache.h">
      <Filter>Header Files</Filter>
    </ClInclude>
    <ClInclude Include="..\lexlib\PropSetSimple.h">
      <Filter>Header Files</Filter>
    </ClInclude>
    <ClInclude Include="..\src\RESearch.h">
      <Filter>Header Files</Filter>
    </ClInclude>
    <ClInclude Include="..\src\RunStyles.h">
      <Filter>Header Files</Filter>
    </ClInclude>
    <CustomBuild Include="SciClasses.h">
      <Filter>Header Files</Filter>
    </CustomBuild>
    <ClInclude Include="..\include\SciLexer.h">
      <Filter>Header Files</Filter>
    </ClInclude>
    <ClInclude Include="SciNamespace.h">
      <Filter>Header Files</Filter>
    </ClInclude>
    <ClInclude Include="..\include\Scintilla.h">
      <Filter>Header Files</Filter>
    </ClInclude>
    <ClInclude Include="..\src\ScintillaBase.h">
      <Filter>Header Files</Filter>
    </ClInclude>
    <ClInclude Include="ScintillaQt.h">
      <Filter>Header Files</Filter>
    </ClInclude>
    <ClInclude Include="..\include\ScintillaWidget.h">
      <Filter>Header Files</Filter>
    </ClInclude>
    <ClInclude Include="..\src\Selection.h">
      <Filter>Header Files</Filter>
    </ClInclude>
    <ClInclude Include="..\src\SplitVector.h">
      <Filter>Header Files</Filter>
    </ClInclude>
    <ClInclude Include="..\src\Style.h">
      <Filter>Header Files</Filter>
    </ClInclude>
    <ClInclude Include="..\lexlib\StyleContext.h">
      <Filter>Header Files</Filter>
    </ClInclude>
    <ClInclude Include="..\lexlib\SubStyles.h">
      <Filter>Header Files</Filter>
    </ClInclude>
    <ClInclude Include="..\src\UniConversion.h">
      <Filter>Header Files</Filter>
    </ClInclude>
    <ClInclude Include="..\src\UnicodeFromUTF8.h">
      <Filter>Header Files</Filter>
    </ClInclude>
    <ClInclude Include="..\src\ViewStyle.h">
      <Filter>Header Files</Filter>
    </ClInclude>
    <ClInclude Include="..\lexlib\WordList.h">
      <Filter>Header Files</Filter>
    </ClInclude>
    <ClInclude Include="..\src\XPM.h">
      <Filter>Header Files</Filter>
    </ClInclude>
    <ClInclude Include="Qsci\qsciabstractapis.h">
      <Filter>Header Files</Filter>
    </ClInclude>
    <ClInclude Include="Qsci\qsciapis.h">
      <Filter>Header Files</Filter>
    </ClInclude>
    <ClInclude Include="Qsci\qscicommand.h">
      <Filter>Header Files</Filter>
    </ClInclude>
    <ClInclude Include="Qsci\qscicommandset.h">
      <Filter>Header Files</Filter>
    </ClInclude>
    <ClInclude Include="Qsci\qscidocument.h">
      <Filter>Header Files</Filter>
    </ClInclude>
    <ClInclude Include="Qsci\qsciglobal.h">
      <Filter>Header Files</Filter>
    </ClInclude>
    <ClInclude Include="Qsci\qscilexer.h">
      <Filter>Header Files</Filter>
    </ClInclude>
    <ClInclude Include="Qsci\qscilexerbash.h">
      <Filter>Header Files</Filter>
    </ClInclude>
    <ClInclude Include="Qsci\qscilexerbatch.h">
      <Filter>Header Files</Filter>
    </ClInclude>
    <ClInclude Include="Qsci\qscilexercmake.h">
      <Filter>Header Files</Filter>
    </ClInclude>
    <ClInclude Include="Qsci\qscilexercpp.h">
      <Filter>Header Files</Filter>
    </ClInclude>
    <ClInclude Include="Qsci\qscilexercsharp.h">
      <Filter>Header Files</Filter>
    </ClInclude>
    <ClInclude Include="Qsci\qscilexercss.h">
      <Filter>Header Files</Filter>
    </ClInclude>
    <ClInclude Include="Qsci\qscilexercustom.h">
      <Filter>Header Files</Filter>
    </ClInclude>
    <ClInclude Include="Qsci\qscilexerd.h">
      <Filter>Header Files</Filter>
    </ClInclude>
    <ClInclude Include="Qsci\qscilexerdiff.h">
      <Filter>Header Files</Filter>
    </ClInclude>
    <ClInclude Include="Qsci\qscilexerfortran.h">
      <Filter>Header Files</Filter>
    </ClInclude>
    <ClInclude Include="Qsci\qscilexerfortran77.h">
      <Filter>Header Files</Filter>
    </ClInclude>
    <ClInclude Include="Qsci\qscilexerhtml.h">
      <Filter>Header Files</Filter>
    </ClInclude>
    <ClInclude Include="Qsci\qscilexeridl.h">
      <Filter>Header Files</Filter>
    </ClInclude>
    <ClInclude Include="Qsci\qscilexerjava.h">
      <Filter>Header Files</Filter>
    </ClInclude>
    <ClInclude Include="Qsci\qscilexerjavascript.h">
      <Filter>Header Files</Filter>
    </ClInclude>
    <ClInclude Include="Qsci\qscilexerlua.h">
      <Filter>Header Files</Filter>
    </ClInclude>
    <ClInclude Include="Qsci\qscilexermakefile.h">
      <Filter>Header Files</Filter>
    </ClInclude>
    <ClInclude Include="Qsci\qscilexermatlab.h">
      <Filter>Header Files</Filter>
    </ClInclude>
    <ClInclude Include="Qsci\qscilexeroctave.h">
      <Filter>Header Files</Filter>
    </ClInclude>
    <ClInclude Include="Qsci\qscilexerpascal.h">
      <Filter>Header Files</Filter>
    </ClInclude>
    <ClInclude Include="Qsci\qscilexerperl.h">
      <Filter>Header Files</Filter>
    </ClInclude>
    <ClInclude Include="Qsci\qscilexerpostscript.h">
      <Filter>Header Files</Filter>
    </ClInclude>
    <ClInclude Include="Qsci\qscilexerpov.h">
      <Filter>Header Files</Filter>
    </ClInclude>
    <ClInclude Include="Qsci\qscilexerproperties.h">
      <Filter>Header Files</Filter>
    </ClInclude>
    <ClInclude Include="Qsci\qscilexerpython.h">
      <Filter>Header Files</Filter>
    </ClInclude>
    <ClInclude Include="Qsci\qscilexerruby.h">
      <Filter>Header Files</Filter>
    </ClInclude>
    <ClInclude Include="Qsci\qscilexerspice.h">
      <Filter>Header Files</Filter>
    </ClInclude>
    <ClInclude Include="Qsci\qscilexersql.h">
      <Filter>Header Files</Filter>
    </ClInclude>
    <ClInclude Include="Qsci\qscilexertcl.h">
      <Filter>Header Files</Filter>
    </ClInclude>
    <ClInclude Include="Qsci\qscilexertex.h">
      <Filter>Header Files</Filter>
    </ClInclude>
    <ClInclude Include="Qsci\qscilexerverilog.h">
      <Filter>Header Files</Filter>
    </ClInclude>
    <ClInclude Include="Qsci\qscilexervhdl.h">
      <Filter>Header Files</Filter>
    </ClInclude>
    <ClInclude Include="Qsci\qscilexerxml.h">
      <Filter>Header Files</Filter>
    </ClInclude>
    <ClInclude Include="Qsci\qscilexeryaml.h">
      <Filter>Header Files</Filter>
    </ClInclude>
    <ClInclude Include="Qsci\qscimacro.h">
      <Filter>Header Files</Filter>
    </ClInclude>
    <ClInclude Include="Qsci\qsciprinter.h">
      <Filter>Header Files</Filter>
    </ClInclude>
    <ClInclude Include="Qsci\qsciscintilla.h">
      <Filter>Header Files</Filter>
    </ClInclude>
    <ClInclude Include="Qsci\qsciscintillabase.h">
      <Filter>Header Files</Filter>
    </ClInclude>
    <ClInclude Include="Qsci\qscistyle.h">
      <Filter>Header Files</Filter>
    </ClInclude>
    <ClInclude Include="Qsci\qscistyledtext.h">
      <Filter>Header Files</Filter>
    </ClInclude>
  </ItemGroup>
  <ItemGroup>
    <None Include="qscintilla_cs.ts">
      <Filter>Translation Files</Filter>
    </None>
    <None Include="qscintilla_de.ts">
      <Filter>Translation Files</Filter>
    </None>
    <None Include="qscintilla_es.ts">
      <Filter>Translation Files</Filter>
    </None>
    <None Include="qscintilla_fr.ts">
      <Filter>Translation Files</Filter>
    </None>
    <None Include="qscintilla_pt_br.ts">
      <Filter>Translation Files</Filter>
    </None>
    <None Include="qscintilla_ru.ts">
      <Filter>Translation Files</Filter>
    </None>
  </ItemGroup>
</Project>